{
  "requires": true,
  "lockfileVersion": 1,
  "dependencies": {
    "webcodecamjs": {
      "version": "2.0.5",
      "resolved": "https://registry.npmjs.org/webcodecamjs/-/webcodecamjs-2.0.5.tgz",
      "integrity": "sha512-omDRpfqBpeoDiey6iUbPR7KXnotQVvhE27tNltfK8CWAHQL7s/jD6fcIwCqRpS4sdUyuRmY2hS7y4Ids2MpAPw=="
    }
  }
}
